
Microsoft Visual Studio Solution File, Format Version 12.00
# Visual Studio Version 16
VisualStudioVersion = 16.0.29613.14
MinimumVisualStudioVersion = 10.0.40219.1
Project("{FAE04EC0-301F-11D3-BF4B-00C04F79EFBC}") = "BlogSystem.Model", "BlogSystem.Model\BlogSystem.Model.csproj", "{067A9C59-B3CD-4664-8C0C-847ADC920D6D}"
EndProject
Project("{FAE04EC0-301F-11D3-BF4B-00C04F79EFBC}") = "BlogSystem.DAL", "BlogSystem.DAL\BlogSystem.DAL.csproj", "{61691DEE-79A0-49A2-A718-C356AEE0814F}"
EndProject
Project("{FAE04EC0-301F-11D3-BF4B-00C04F79EFBC}") = "BlogSystem.IDAL", "BlogSystem.IDAL\BlogSystem.IDAL.csproj", "{25A79D11-9CB7-4F50-838E-D1C6B0D646FB}"
EndProject
Project("{2150E333-8FDC-42A3-9474-1A3956D46DE8}") = "DAL", "DAL", "{9EE18267-2FD3-4740-9566-A4C05D822D13}"
EndProject
Project("{2150E333-8FDC-42A3-9474-1A3956D46DE8}") = "BLL", "BLL", "{B57DF5B7-DCEB-4816-8282-E58AAE631118}"
EndProject
Project("{FAE04EC0-301F-11D3-BF4B-00C04F79EFBC}") = "BlogSystem.BLL", "BlogSystem.BLL\BlogSystem.BLL.csproj", "{77F7D1BA-8965-400D-9AD2-67F7B3995F0F}"
EndProject
Project("{FAE04EC0-301F-11D3-BF4B-00C04F79EFBC}") = "BlogSystem.IBLL", "BlogSystem.IBLL\BlogSystem.IBLL.csproj", "{078FF9FF-4085-4204-A5DE-0A962373CEA2}"
EndProject
Global
	GlobalSection(SolutionConfigurationPlatforms) = preSolution
		Debug|Any CPU = Debug|Any CPU
		Release|Any CPU = Release|Any CPU
	EndGlobalSection
	GlobalSection(ProjectConfigurationPlatforms) = postSolution
		{067A9C59-B3CD-4664-8C0C-847ADC920D6D}.Debug|Any CPU.ActiveCfg = Debug|Any CPU
		{067A9C59-B3CD-4664-8C0C-847ADC920D6D}.Debug|Any CPU.Build.0 = Debug|Any CPU
		{067A9C59-B3CD-4664-8C0C-847ADC920D6D}.Release|Any CPU.ActiveCfg = Release|Any CPU
		{067A9C59-B3CD-4664-8C0C-847ADC920D6D}.Release|Any CPU.Build.0 = Release|Any CPU
		{61691DEE-79A0-49A2-A718-C356AEE0814F}.Debug|Any CPU.ActiveCfg = Debug|Any CPU
		{61691DEE-79A0-49A2-A718-C356AEE0814F}.Debug|Any CPU.Build.0 = Debug|Any CPU
		{61691DEE-79A0-49A2-A718-C356AEE0814F}.Release|Any CPU.ActiveCfg = Release|Any CPU
		{61691DEE-79A0-49A2-A718-C356AEE0814F}.Release|Any CPU.Build.0 = Release|Any CPU
		{25A79D11-9CB7-4F50-838E-D1C6B0D646FB}.Debug|Any CPU.ActiveCfg = Debug|Any CPU
		{25A79D11-9CB7-4F50-838E-D1C6B0D646FB}.Debug|Any CPU.Build.0 = Debug|Any CPU
		{25A79D11-9CB7-4F50-838E-D1C6B0D646FB}.Release|Any CPU.ActiveCfg = Release|Any CPU
		{25A79D11-9CB7-4F50-838E-D1C6B0D646FB}.Release|Any CPU.Build.0 = Release|Any CPU
		{77F7D1BA-8965-400D-9AD2-67F7B3995F0F}.Debug|Any CPU.ActiveCfg = Debug|Any CPU
		{77F7D1BA-8965-400D-9AD2-67F7B3995F0F}.Debug|Any CPU.Build.0 = Debug|Any CPU
		{77F7D1BA-8965-400D-9AD2-67F7B3995F0F}.Release|Any CPU.ActiveCfg = Release|Any CPU
		{77F7D1BA-8965-400D-9AD2-67F7B3995F0F}.Release|Any CPU.Build.0 = Release|Any CPU
		{078FF9FF-4085-4204-A5DE-0A962373CEA2}.Debug|Any CPU.ActiveCfg = Debug|Any CPU
		{078FF9FF-4085-4204-A5DE-0A962373CEA2}.Debug|Any CPU.Build.0 = Debug|Any CPU
		{078FF9FF-4085-4204-A5DE-0A962373CEA2}.Release|Any CPU.ActiveCfg = Release|Any CPU
		{078FF9FF-4085-4204-A5DE-0A962373CEA2}.Release|Any CPU.Build.0 = Release|Any CPU
	EndGlobalSection
	GlobalSection(SolutionProperties) = preSolution
		HideSolutionNode = FALSE
	EndGlobalSection
	GlobalSection(NestedProjects) = preSolution
		{61691DEE-79A0-49A2-A718-C356AEE0814F} = {9EE18267-2FD3-4740-9566-A4C05D822D13}
		{25A79D11-9CB7-4F50-838E-D1C6B0D646FB} = {9EE18267-2FD3-4740-9566-A4C05D822D13}
		{77F7D1BA-8965-400D-9AD2-67F7B3995F0F} = {B57DF5B7-DCEB-4816-8282-E58AAE631118}
		{078FF9FF-4085-4204-A5DE-0A962373CEA2} = {B57DF5B7-DCEB-4816-8282-E58AAE631118}
	EndGlobalSection
	GlobalSection(ExtensibilityGlobals) = postSolution
		SolutionGuid = {6CEFE73E-8D49-424B-81D6-C112B93A760F}
	EndGlobalSection
EndGlobal
